// !$*UTF8*$!
{
	archiveVersion = 1;
	classes = {
	};
	objectVersion = 77;
	objects = {

/* Begin PBXBuildFile section */
		071F95AAF10277EE0AAE3889 /* BleatApp.swift in Sources */ = {isa = PBXBuildFile; fileRef = 09B26309512E738CF21FDF57 /* BleatApp.swift */; };
		1789251CFF4A2F2CCB8E3FDD /* PlaybackPositionStoreTests.swift in Sources */ = {isa = PBXBuildFile; fileRef = 003DE9F7F21E81E98C080C0E /* PlaybackPositionStoreTests.swift */; };
		212CB9A152C459B1BFDFBBCF /* CoverImageProcessor.swift in Sources */ = {isa = PBXBuildFile; fileRef = 9E5B7432546E8AA37553ACC4 /* CoverImageProcessor.swift */; };
		297E83C44D4BF5CDE74061E6 /* BookCoverView.swift in Sources */ = {isa = PBXBuildFile; fileRef = A9F16612F5D186DFAED140F6 /* BookCoverView.swift */; };
		5CBC0B4592A31E3B706AC40E /* AppModelTests.swift in Sources */ = {isa = PBXBuildFile; fileRef = 26A2355D3E7E2E64CDE0B7DF /* AppModelTests.swift */; };
		63AC3252D5025C322658B2FC /* UITestAppService.swift in Sources */ = {isa = PBXBuildFile; fileRef = F593B2DD285DFB478A5C1DEB /* UITestAppService.swift */; };
		66A00D60DE2E574FC7981287 /* PlaybackView.swift in Sources */ = {isa = PBXBuildFile; fileRef = C256E90EBC4C39AEEDA2BD0E /* PlaybackView.swift */; };
		6DA9F184B2FEFD3166BBB4D5 /* Assets.xcassets in Resources */ = {isa = PBXBuildFile; fileRef = 74A1612593F0EC1117D0ADD8 /* Assets.xcassets */; };
		6F9200285A7828E05EDF6C10 /* MetadataEditorView.swift in Sources */ = {isa = PBXBuildFile; fileRef = F2675018070436D35F6FC0FF /* MetadataEditorView.swift */; };
		732438174A23B8EBC3BC1714 /* PlaybackModel.swift in Sources */ = {isa = PBXBuildFile; fileRef = FE3F2D0C5F3157DDDDBA48F4 /* PlaybackModel.swift */; };
		818AF28EBFB119999506CACA /* AppModel.swift in Sources */ = {isa = PBXBuildFile; fileRef = 73719E4CDB73EE2DD988C5E3 /* AppModel.swift */; };
		81AC77653B52F97E7610C957 /* RootView.swift in Sources */ = {isa = PBXBuildFile; fileRef = E0639281D9850EC68335644F /* RootView.swift */; };
		83E56DF219C4074C836A6859 /* PlaybackPositionStore.swift in Sources */ = {isa = PBXBuildFile; fileRef = 9E9B7296D654D6A1FB32B98A /* PlaybackPositionStore.swift */; };
		9F4E2D3F0E517AC44C199DD8 /* DownloadModel.swift in Sources */ = {isa = PBXBuildFile; fileRef = 6F7F24DA4E4D6567B010C9B7 /* DownloadModel.swift */; };
		AB7C3A9C94547D9FB53D1C4B /* BleatCore in Frameworks */ = {isa = PBXBuildFile; productRef = 05BA90A0AA1604ECD1B8BCC9 /* BleatCore */; };
		B87F1CC629E7094C9B063DA6 /* LocalPlaybackSessionStore.swift in Sources */ = {isa = PBXBuildFile; fileRef = F8D22D9E035F6E4DE28DE0B5 /* LocalPlaybackSessionStore.swift */; };
		C1224783D3F9B1CC7057759A /* AppService.swift in Sources */ = {isa = PBXBuildFile; fileRef = E12995342C7E6318A5F929A2 /* AppService.swift */; };
		FF6591E97BE41B688DA71F70 /* BleatUITests.swift in Sources */ = {isa = PBXBuildFile; fileRef = 70E1797402B69FE6551AC02B /* BleatUITests.swift */; };
/* End PBXBuildFile section */

/* Begin PBXContainerItemProxy section */
		5E485B9DC4A6E5E7E6470C81 /* PBXContainerItemProxy */ = {
			isa = PBXContainerItemProxy;
			containerPortal = EBDCC250F3105FD38E8F8BC8 /* Project object */;
			proxyType = 1;
			remoteGlobalIDString = EAEDDF7ACE77CF40F703DAE3;
			remoteInfo = BleatApp;
		};
		CCD0485B4B22387EED5DD155 /* PBXContainerItemProxy */ = {
			isa = PBXContainerItemProxy;
			containerPortal = EBDCC250F3105FD38E8F8BC8 /* Project object */;
			proxyType = 1;
			remoteGlobalIDString = EAEDDF7ACE77CF40F703DAE3;
			remoteInfo = BleatApp;
		};
/* End PBXContainerItemProxy section */

/* Begin PBXFileReference section */
		003DE9F7F21E81E98C080C0E /* PlaybackPositionStoreTests.swift */ = {isa = PBXFileReference; lastKnownFileType = sourcecode.swift; path = PlaybackPositionStoreTests.swift; sourceTree = "<group>"; };
		09B26309512E738CF21FDF57 /* BleatApp.swift */ = {isa = PBXFileReference; lastKnownFileType = sourcecode.swift; path = BleatApp.swift; sourceTree = "<group>"; };
		26A2355D3E7E2E64CDE0B7DF /* AppModelTests.swift */ = {isa = PBXFileReference; lastKnownFileType = sourcecode.swift; path = AppModelTests.swift; sourceTree = "<group>"; };
		4F72F17F031C453D357EE586 /* bleat */ = {isa = PBXFileReference; lastKnownFileType = folder; name = bleat; path = .; sourceTree = SOURCE_ROOT; };
		549E0D50852D5C5F631FB04D /* BleatUITests.xctest */ = {isa = PBXFileReference; includeInIndex = 0; lastKnownFileType = wrapper.cfbundle; path = BleatUITests.xctest; sourceTree = BUILT_PRODUCTS_DIR; };
		6F7F24DA4E4D6567B010C9B7 /* DownloadModel.swift */ = {isa = PBXFileReference; lastKnownFileType = sourcecode.swift; path = DownloadModel.swift; sourceTree = "<group>"; };
		70E1797402B69FE6551AC02B /* BleatUITests.swift */ = {isa = PBXFileReference; lastKnownFileType = sourcecode.swift; path = BleatUITests.swift; sourceTree = "<group>"; };
		73719E4CDB73EE2DD988C5E3 /* AppModel.swift */ = {isa = PBXFileReference; lastKnownFileType = sourcecode.swift; path = AppModel.swift; sourceTree = "<group>"; };
		74A1612593F0EC1117D0ADD8 /* Assets.xcassets */ = {isa = PBXFileReference; lastKnownFileType = folder.assetcatalog; path = Assets.xcassets; sourceTree = "<group>"; };
		9E5B7432546E8AA37553ACC4 /* CoverImageProcessor.swift */ = {isa = PBXFileReference; lastKnownFileType = sourcecode.swift; path = CoverImageProcessor.swift; sourceTree = "<group>"; };
		9E9B7296D654D6A1FB32B98A /* PlaybackPositionStore.swift */ = {isa = PBXFileReference; lastKnownFileType = sourcecode.swift; path = PlaybackPositionStore.swift; sourceTree = "<group>"; };
		A7BFAE347AEDFB9E315AD92C /* Info.plist */ = {isa = PBXFileReference; lastKnownFileType = text.plist; path = Info.plist; sourceTree = "<group>"; };
		A9F16612F5D186DFAED140F6 /* BookCoverView.swift */ = {isa = PBXFileReference; lastKnownFileType = sourcecode.swift; path = BookCoverView.swift; sourceTree = "<group>"; };
		B5E0E6AD1DB77BCBA8D0944C /* BleatAppTests.xctest */ = {isa = PBXFileReference; includeInIndex = 0; lastKnownFileType = wrapper.cfbundle; path = BleatAppTests.xctest; sourceTree = BUILT_PRODUCTS_DIR; };
		C256E90EBC4C39AEEDA2BD0E /* PlaybackView.swift */ = {isa = PBXFileReference; lastKnownFileType = sourcecode.swift; path = PlaybackView.swift; sourceTree = "<group>"; };
		C9A985B3A620C132DA9B6307 /* BleatApp.app */ = {isa = PBXFileReference; includeInIndex = 0; lastKnownFileType = wrapper.application; path = BleatApp.app; sourceTree = BUILT_PRODUCTS_DIR; };
		E0639281D9850EC68335644F /* RootView.swift */ = {isa = PBXFileReference; lastKnownFileType = sourcecode.swift; path = RootView.swift; sourceTree = "<group>"; };
		E12995342C7E6318A5F929A2 /* AppService.swift */ = {isa = PBXFileReference; lastKnownFileType = sourcecode.swift; path = AppService.swift; sourceTree = "<group>"; };
		F2675018070436D35F6FC0FF /* MetadataEditorView.swift */ = {isa = PBXFileReference; lastKnownFileType = sourcecode.swift; path = MetadataEditorView.swift; sourceTree = "<group>"; };
		F593B2DD285DFB478A5C1DEB /* UITestAppService.swift */ = {isa = PBXFileReference; lastKnownFileType = sourcecode.swift; path = UITestAppService.swift; sourceTree = "<group>"; };
		F8D22D9E035F6E4DE28DE0B5 /* LocalPlaybackSessionStore.swift */ = {isa = PBXFileReference; lastKnownFileType = sourcecode.swift; path = LocalPlaybackSessionStore.swift; sourceTree = "<group>"; };
		FE3F2D0C5F3157DDDDBA48F4 /* PlaybackModel.swift */ = {isa = PBXFileReference; lastKnownFileType = sourcecode.swift; path = PlaybackModel.swift; sourceTree = "<group>"; };
/* End PBXFileReference section */

/* Begin PBXFrameworksBuildPhase section */
		7DDFAC82CD7597B5ABC8CE66 /* Frameworks */ = {
			isa = PBXFrameworksBuildPhase;
			buildActionMask = 2147483647;
			files = (
				AB7C3A9C94547D9FB53D1C4B /* BleatCore in Frameworks */,
			);
			runOnlyForDeploymentPostprocessing = 0;
		};
/* End PBXFrameworksBuildPhase section */

/* Begin PBXGroup section */
		1921D1ABA91370CF06787226 /* BleatAppTests */ = {
			isa = PBXGroup;
			children = (
				26A2355D3E7E2E64CDE0B7DF /* AppModelTests.swift */,
				003DE9F7F21E81E98C080C0E /* PlaybackPositionStoreTests.swift */,
			);
			path = BleatAppTests;
			sourceTree = "<group>";
		};
		1C26699E2E4D01DA20417853 /* Tests */ = {
			isa = PBXGroup;
			children = (
				1921D1ABA91370CF06787226 /* BleatAppTests */,
				31FAE8FC606F005D9250FD7E /* BleatUITests */,
			);
			path = Tests;
			sourceTree = "<group>";
		};
		31FAE8FC606F005D9250FD7E /* BleatUITests */ = {
			isa = PBXGroup;
			children = (
				70E1797402B69FE6551AC02B /* BleatUITests.swift */,
			);
			path = BleatUITests;
			sourceTree = "<group>";
		};
		4CD68A9CF6420629913751C9 = {
			isa = PBXGroup;
			children = (
				8B86FFC44E09566F82B93C9D /* App */,
				F43C2BD821572C0860FA1783 /* Packages */,
				1C26699E2E4D01DA20417853 /* Tests */,
				B1FE776EA07A3A2C052FE1AA /* Products */,
			);
			sourceTree = "<group>";
		};
		8B86FFC44E09566F82B93C9D /* App */ = {
			isa = PBXGroup;
			children = (
				73719E4CDB73EE2DD988C5E3 /* AppModel.swift */,
				E12995342C7E6318A5F929A2 /* AppService.swift */,
				74A1612593F0EC1117D0ADD8 /* Assets.xcassets */,
				09B26309512E738CF21FDF57 /* BleatApp.swift */,
				A9F16612F5D186DFAED140F6 /* BookCoverView.swift */,
				9E5B7432546E8AA37553ACC4 /* CoverImageProcessor.swift */,
				6F7F24DA4E4D6567B010C9B7 /* DownloadModel.swift */,
				A7BFAE347AEDFB9E315AD92C /* Info.plist */,
				F8D22D9E035F6E4DE28DE0B5 /* LocalPlaybackSessionStore.swift */,
				F2675018070436D35F6FC0FF /* MetadataEditorView.swift */,
				FE3F2D0C5F3157DDDDBA48F4 /* PlaybackModel.swift */,
				9E9B7296D654D6A1FB32B98A /* PlaybackPositionStore.swift */,
				C256E90EBC4C39AEEDA2BD0E /* PlaybackView.swift */,
				E0639281D9850EC68335644F /* RootView.swift */,
				F593B2DD285DFB478A5C1DEB /* UITestAppService.swift */,
			);
			path = App;
			sourceTree = "<group>";
		};
		B1FE776EA07A3A2C052FE1AA /* Products */ = {
			isa = PBXGroup;
			children = (
				C9A985B3A620C132DA9B6307 /* BleatApp.app */,
				B5E0E6AD1DB77BCBA8D0944C /* BleatAppTests.xctest */,
				549E0D50852D5C5F631FB04D /* BleatUITests.xctest */,
			);
			name = Products;
			sourceTree = "<group>";
		};
		F43C2BD821572C0860FA1783 /* Packages */ = {
			isa = PBXGroup;
			children = (
				4F72F17F031C453D357EE586 /* bleat */,
			);
			name = Packages;
			sourceTree = "<group>";
		};
/* End PBXGroup section */

/* Begin PBXNativeTarget section */
		45D306A60FA716FBBEF22F80 /* BleatUITests */ = {
			isa = PBXNativeTarget;
			buildConfigurationList = 36E7C2A77B1B9C093FE5D743 /* Build configuration list for PBXNativeTarget "BleatUITests" */;
			buildPhases = (
				44C81437CA71C09CB596F0CE /* Sources */,
			);
			buildRules = (
			);
			dependencies = (
				3EBF37FCC27E0EA07C600576 /* PBXTargetDependency */,
			);
			name = BleatUITests;
			packageProductDependencies = (
			);
			productName = BleatUITests;
			productReference = 549E0D50852D5C5F631FB04D /* BleatUITests.xctest */;
			productType = "com.apple.product-type.bundle.ui-testing";
		};
		EA02B362BC0C97508C61A505 /* BleatAppTests */ = {
			isa = PBXNativeTarget;
			buildConfigurationList = 68A7A1E73ADE0CF9C4A30B6A /* Build configuration list for PBXNativeTarget "BleatAppTests" */;
			buildPhases = (
				0A31A7CD70C3731884F1F210 /* Sources */,
			);
			buildRules = (
			);
			dependencies = (
				56DA6958589BD1BEAFCB13CF /* PBXTargetDependency */,
			);
			name = BleatAppTests;
			packageProductDependencies = (
			);
			productName = BleatAppTests;
			productReference = B5E0E6AD1DB77BCBA8D0944C /* BleatAppTests.xctest */;
			productType = "com.apple.product-type.bundle.unit-test";
		};
		EAEDDF7ACE77CF40F703DAE3 /* BleatApp */ = {
			isa = PBXNativeTarget;
			buildConfigurationList = 1856AE8E5AD719FF155AE47F /* Build configuration list for PBXNativeTarget "BleatApp" */;
			buildPhases = (
				A478EF5EDBF8264EFEDEBD5B /* Sources */,
				59425BEF486F1F479E902607 /* Resources */,
				7DDFAC82CD7597B5ABC8CE66 /* Frameworks */,
			);
			buildRules = (
			);
			dependencies = (
			);
			name = BleatApp;
			packageProductDependencies = (
				05BA90A0AA1604ECD1B8BCC9 /* BleatCore */,
			);
			productName = BleatApp;
			productReference = C9A985B3A620C132DA9B6307 /* BleatApp.app */;
			productType = "com.apple.product-type.application";
		};
/* End PBXNativeTarget section */

/* Begin PBXProject section */
		EBDCC250F3105FD38E8F8BC8 /* Project object */ = {
			isa = PBXProject;
			attributes = {
				BuildIndependentTargetsInParallel = YES;
				LastUpgradeCheck = 1430;
				TargetAttributes = {
					45D306A60FA716FBBEF22F80 = {
						TestTargetID = EAEDDF7ACE77CF40F703DAE3;
					};
				};
			};
			buildConfigurationList = A785AF81BC045CF75224BA32 /* Build configuration list for PBXProject "Bleat" */;
			developmentRegion = en;
			hasScannedForEncodings = 0;
			knownRegions = (
				Base,
				en,
			);
			mainGroup = 4CD68A9CF6420629913751C9;
			minimizedProjectReferenceProxies = 1;
			packageReferences = (
				A21196710DB1921B6B6E700E /* XCLocalSwiftPackageReference "." */,
			);
			preferredProjectObjectVersion = 77;
			productRefGroup = B1FE776EA07A3A2C052FE1AA /* Products */;
			projectDirPath = "";
			projectRoot = "";
			targets = (
				EAEDDF7ACE77CF40F703DAE3 /* BleatApp */,
				EA02B362BC0C97508C61A505 /* BleatAppTests */,
				45D306A60FA716FBBEF22F80 /* BleatUITests */,
			);
		};
/* End PBXProject section */

/* Begin PBXResourcesBuildPhase section */
		59425BEF486F1F479E902607 /* Resources */ = {
			isa = PBXResourcesBuildPhase;
			buildActionMask = 2147483647;
			files = (
				6DA9F184B2FEFD3166BBB4D5 /* Assets.xcassets in Resources */,
			);
			runOnlyForDeploymentPostprocessing = 0;
		};
/* End PBXResourcesBuildPhase section */

/* Begin PBXSourcesBuildPhase section */
		0A31A7CD70C3731884F1F210 /* Sources */ = {
			isa = PBXSourcesBuildPhase;
			buildActionMask = 2147483647;
			files = (
				5CBC0B4592A31E3B706AC40E /* AppModelTests.swift in Sources */,
				1789251CFF4A2F2CCB8E3FDD /* PlaybackPositionStoreTests.swift in Sources */,
			);
			runOnlyForDeploymentPostprocessing = 0;
		};
		44C81437CA71C09CB596F0CE /* Sources */ = {
			isa = PBXSourcesBuildPhase;
			buildActionMask = 2147483647;
			files = (
				FF6591E97BE41B688DA71F70 /* BleatUITests.swift in Sources */,
			);
			runOnlyForDeploymentPostprocessing = 0;
		};
		A478EF5EDBF8264EFEDEBD5B /* Sources */ = {
			isa = PBXSourcesBuildPhase;
			buildActionMask = 2147483647;
			files = (
				818AF28EBFB119999506CACA /* AppModel.swift in Sources */,
				C1224783D3F9B1CC7057759A /* AppService.swift in Sources */,
				071F95AAF10277EE0AAE3889 /* BleatApp.swift in Sources */,
				297E83C44D4BF5CDE74061E6 /* BookCoverView.swift in Sources */,
				212CB9A152C459B1BFDFBBCF /* CoverImageProcessor.swift in Sources */,
				9F4E2D3F0E517AC44C199DD8 /* DownloadModel.swift in Sources */,
				B87F1CC629E7094C9B063DA6 /* LocalPlaybackSessionStore.swift in Sources */,
				6F9200285A7828E05EDF6C10 /* MetadataEditorView.swift in Sources */,
				732438174A23B8EBC3BC1714 /* PlaybackModel.swift in Sources */,
				83E56DF219C4074C836A6859 /* PlaybackPositionStore.swift in Sources */,
				66A00D60DE2E574FC7981287 /* PlaybackView.swift in Sources */,
				81AC77653B52F97E7610C957 /* RootView.swift in Sources */,
				63AC3252D5025C322658B2FC /* UITestAppService.swift in Sources */,
			);
			runOnlyForDeploymentPostprocessing = 0;
		};
/* End PBXSourcesBuildPhase section */

/* Begin PBXTargetDependency section */
		3EBF37FCC27E0EA07C600576 /* PBXTargetDependency */ = {
			isa = PBXTargetDependency;
			target = EAEDDF7ACE77CF40F703DAE3 /* BleatApp */;
			targetProxy = 5E485B9DC4A6E5E7E6470C81 /* PBXContainerItemProxy */;
		};
		56DA6958589BD1BEAFCB13CF /* PBXTargetDependency */ = {
			isa = PBXTargetDependency;
			target = EAEDDF7ACE77CF40F703DAE3 /* BleatApp */;
			targetProxy = CCD0485B4B22387EED5DD155 /* PBXContainerItemProxy */;
		};
/* End PBXTargetDependency section */

/* Begin XCBuildConfiguration section */
		2EEC4B375443A715CE01E550 /* Release */ = {
			isa = XCBuildConfiguration;
			buildSettings = {
				ALWAYS_SEARCH_USER_PATHS = NO;
				CLANG_ANALYZER_NONNULL = YES;
				CLANG_ANALYZER_NUMBER_OBJECT_CONVERSION = YES_AGGRESSIVE;
				CLANG_CXX_LANGUAGE_STANDARD = "gnu++14";
				CLANG_CXX_LIBRARY = "libc++";
				CLANG_ENABLE_MODULES = YES;
				CLANG_ENABLE_OBJC_ARC = YES;
				CLANG_ENABLE_OBJC_WEAK = YES;
				CLANG_WARN_BLOCK_CAPTURE_AUTORELEASING = YES;
				CLANG_WARN_BOOL_CONVERSION = YES;
				CLANG_WARN_COMMA = YES;
				CLANG_WARN_CONSTANT_CONVERSION = YES;
				CLANG_WARN_DEPRECATED_OBJC_IMPLEMENTATIONS = YES;
				CLANG_WARN_DIRECT_OBJC_ISA_USAGE = YES_ERROR;
				CLANG_WARN_DOCUMENTATION_COMMENTS = YES;
				CLANG_WARN_EMPTY_BODY = YES;
				CLANG_WARN_ENUM_CONVERSION = YES;
				CLANG_WARN_INFINITE_RECURSION = YES;
				CLANG_WARN_INT_CONVERSION = YES;
				CLANG_WARN_NON_LITERAL_NULL_CONVERSION = YES;
				CLANG_WARN_OBJC_IMPLICIT_RETAIN_SELF = YES;
				CLANG_WARN_OBJC_LITERAL_CONVERSION = YES;
				CLANG_WARN_OBJC_ROOT_CLASS = YES_ERROR;
				CLANG_WARN_QUOTED_INCLUDE_IN_FRAMEWORK_HEADER = YES;
				CLANG_WARN_RANGE_LOOP_ANALYSIS = YES;
				CLANG_WARN_STRICT_PROTOTYPES = YES;
				CLANG_WARN_SUSPICIOUS_MOVE = YES;
				CLANG_WARN_UNGUARDED_AVAILABILITY = YES_AGGRESSIVE;
				CLANG_WARN_UNREACHABLE_CODE = YES;
				CLANG_WARN__DUPLICATE_METHOD_MATCH = YES;
				COPY_PHASE_STRIP = NO;
				DEBUG_INFORMATION_FORMAT = "dwarf-with-dsym";
				ENABLE_NS_ASSERTIONS = NO;
				ENABLE_STRICT_OBJC_MSGSEND = YES;
				GCC_C_LANGUAGE_STANDARD = gnu11;
				GCC_NO_COMMON_BLOCKS = YES;
				GCC_WARN_64_TO_32_BIT_CONVERSION = YES;
				GCC_WARN_ABOUT_RETURN_TYPE = YES_ERROR;
				GCC_WARN_UNDECLARED_SELECTOR = YES;
				GCC_WARN_UNINITIALIZED_AUTOS = YES_AGGRESSIVE;
				GCC_WARN_UNUSED_FUNCTION = YES;
				GCC_WARN_UNUSED_VARIABLE = YES;
				IPHONEOS_DEPLOYMENT_TARGET = 26.0;
				MTL_ENABLE_DEBUG_INFO = NO;
				MTL_FAST_MATH = YES;
				PRODUCT_NAME = "$(TARGET_NAME)";
				SDKROOT = iphoneos;
				SWIFT_COMPILATION_MODE = wholemodule;
				SWIFT_OPTIMIZATION_LEVEL = "-O";
				SWIFT_STRICT_CONCURRENCY = complete;
				SWIFT_VERSION = 6.0;
			};
			name = Release;
		};
		538688E521C8560DF1996B05 /* Debug */ = {
			isa = XCBuildConfiguration;
			buildSettings = {
				ALWAYS_SEARCH_USER_PATHS = NO;
				CLANG_ANALYZER_NONNULL = YES;
				CLANG_ANALYZER_NUMBER_OBJECT_CONVERSION = YES_AGGRESSIVE;
				CLANG_CXX_LANGUAGE_STANDARD = "gnu++14";
				CLANG_CXX_LIBRARY = "libc++";
				CLANG_ENABLE_MODULES = YES;
				CLANG_ENABLE_OBJC_ARC = YES;
				CLANG_ENABLE_OBJC_WEAK = YES;
				CLANG_WARN_BLOCK_CAPTURE_AUTORELEASING = YES;
				CLANG_WARN_BOOL_CONVERSION = YES;
				CLANG_WARN_COMMA = YES;
				CLANG_WARN_CONSTANT_CONVERSION = YES;
				CLANG_WARN_DEPRECATED_OBJC_IMPLEMENTATIONS = YES;
				CLANG_WARN_DIRECT_OBJC_ISA_USAGE = YES_ERROR;
				CLANG_WARN_DOCUMENTATION_COMMENTS = YES;
				CLANG_WARN_EMPTY_BODY = YES;
				CLANG_WARN_ENUM_CONVERSION = YES;
				CLANG_WARN_INFINITE_RECURSION = YES;
				CLANG_WARN_INT_CONVERSION = YES;
				CLANG_WARN_NON_LITERAL_NULL_CONVERSION = YES;
				CLANG_WARN_OBJC_IMPLICIT_RETAIN_SELF = YES;
				CLANG_WARN_OBJC_LITERAL_CONVERSION = YES;
				CLANG_WARN_OBJC_ROOT_CLASS = YES_ERROR;
				CLANG_WARN_QUOTED_INCLUDE_IN_FRAMEWORK_HEADER = YES;
				CLANG_WARN_RANGE_LOOP_ANALYSIS = YES;
				CLANG_WARN_STRICT_PROTOTYPES = YES;
				CLANG_WARN_SUSPICIOUS_MOVE = YES;
				CLANG_WARN_UNGUARDED_AVAILABILITY = YES_AGGRESSIVE;
				CLANG_WARN_UNREACHABLE_CODE = YES;
				CLANG_WARN__DUPLICATE_METHOD_MATCH = YES;
				COPY_PHASE_STRIP = NO;
				DEBUG_INFORMATION_FORMAT = dwarf;
				ENABLE_STRICT_OBJC_MSGSEND = YES;
				ENABLE_TESTABILITY = YES;
				GCC_C_LANGUAGE_STANDARD = gnu11;
				GCC_DYNAMIC_NO_PIC = NO;
				GCC_NO_COMMON_BLOCKS = YES;
				GCC_OPTIMIZATION_LEVEL = 0;
				GCC_PREPROCESSOR_DEFINITIONS = (
					"$(inherited)",
					"DEBUG=1",
				);
				GCC_WARN_64_TO_32_BIT_CONVERSION = YES;
				GCC_WARN_ABOUT_RETURN_TYPE = YES_ERROR;
				GCC_WARN_UNDECLARED_SELECTOR = YES;
				GCC_WARN_UNINITIALIZED_AUTOS = YES_AGGRESSIVE;
				GCC_WARN_UNUSED_FUNCTION = YES;
				GCC_WARN_UNUSED_VARIABLE = YES;
				IPHONEOS_DEPLOYMENT_TARGET = 26.0;
				MTL_ENABLE_DEBUG_INFO = INCLUDE_SOURCE;
				MTL_FAST_MATH = YES;
				ONLY_ACTIVE_ARCH = YES;
				PRODUCT_NAME = "$(TARGET_NAME)";
				SDKROOT = iphoneos;
				SWIFT_ACTIVE_COMPILATION_CONDITIONS = DEBUG;
				SWIFT_OPTIMIZATION_LEVEL = "-Onone";
				SWIFT_STRICT_CONCURRENCY = complete;
				SWIFT_VERSION = 6.0;
			};
			name = Debug;
		};
		682780436B253DD768FE8332 /* Debug */ = {
			isa = XCBuildConfiguration;
			buildSettings = {
				BUNDLE_LOADER = "$(TEST_HOST)";
				GENERATE_INFOPLIST_FILE = YES;
				LD_RUNPATH_SEARCH_PATHS = (
					"$(inherited)",
					"@executable_path/Frameworks",
					"@loader_path/Frameworks",
				);
				PRODUCT_BUNDLE_IDENTIFIER = com.yaleman.BleatUITests;
				SDKROOT = iphoneos;
				TARGETED_DEVICE_FAMILY = "1,2";
				TEST_TARGET_NAME = BleatApp;
			};
			name = Debug;
		};
		8DEB0D26BE9F9E48CB63318E /* Debug */ = {
			isa = XCBuildConfiguration;
			buildSettings = {
				ASSETCATALOG_COMPILER_APPICON_NAME = AppIcon;
				ASSETCATALOG_COMPILER_GENERATE_SWIFT_ASSET_SYMBOL_EXTENSIONS = YES;
				CODE_SIGN_IDENTITY = "iPhone Developer";
				INFOPLIST_FILE = App/Info.plist;
				LD_RUNPATH_SEARCH_PATHS = (
					"$(inherited)",
					"@executable_path/Frameworks",
				);
				PRODUCT_BUNDLE_IDENTIFIER = com.yaleman.Bleat;
				PRODUCT_NAME = Bleat;
				SDKROOT = iphoneos;
				TARGETED_DEVICE_FAMILY = "1,2";
			};
			name = Debug;
		};
		946DBAABCA2065323CCE1714 /* Release */ = {
			isa = XCBuildConfiguration;
			buildSettings = {
				BUNDLE_LOADER = "$(TEST_HOST)";
				GENERATE_INFOPLIST_FILE = YES;
				LD_RUNPATH_SEARCH_PATHS = (
					"$(inherited)",
					"@executable_path/Frameworks",
					"@loader_path/Frameworks",
				);
				PRODUCT_BUNDLE_IDENTIFIER = com.yaleman.BleatUITests;
				SDKROOT = iphoneos;
				TARGETED_DEVICE_FAMILY = "1,2";
				TEST_TARGET_NAME = BleatApp;
			};
			name = Release;
		};
		9643CCB5B8960688DE25C898 /* Release */ = {
			isa = XCBuildConfiguration;
			buildSettings = {
				ASSETCATALOG_COMPILER_APPICON_NAME = AppIcon;
				ASSETCATALOG_COMPILER_GENERATE_SWIFT_ASSET_SYMBOL_EXTENSIONS = YES;
				CODE_SIGN_IDENTITY = "iPhone Developer";
				INFOPLIST_FILE = App/Info.plist;
				LD_RUNPATH_SEARCH_PATHS = (
					"$(inherited)",
					"@executable_path/Frameworks",
				);
				PRODUCT_BUNDLE_IDENTIFIER = com.yaleman.Bleat;
				PRODUCT_NAME = Bleat;
				SDKROOT = iphoneos;
				TARGETED_DEVICE_FAMILY = "1,2";
			};
			name = Release;
		};
		B467B02D929F0D9011254921 /* Release */ = {
			isa = XCBuildConfiguration;
			buildSettings = {
				BUNDLE_LOADER = "$(TEST_HOST)";
				GENERATE_INFOPLIST_FILE = YES;
				LD_RUNPATH_SEARCH_PATHS = (
					"$(inherited)",
					"@executable_path/Frameworks",
					"@loader_path/Frameworks",
				);
				PRODUCT_BUNDLE_IDENTIFIER = com.yaleman.BleatTests;
				SDKROOT = iphoneos;
				TARGETED_DEVICE_FAMILY = "1,2";
				TEST_HOST = "$(BUILT_PRODUCTS_DIR)/Bleat.app/$(BUNDLE_EXECUTABLE_FOLDER_PATH)/Bleat";
			};
			name = Release;
		};
		E9A669660DCA8EEFE605D8F5 /* Debug */ = {
			isa = XCBuildConfiguration;
			buildSettings = {
				BUNDLE_LOADER = "$(TEST_HOST)";
				GENERATE_INFOPLIST_FILE = YES;
				LD_RUNPATH_SEARCH_PATHS = (
					"$(inherited)",
					"@executable_path/Frameworks",
					"@loader_path/Frameworks",
				);
				PRODUCT_BUNDLE_IDENTIFIER = com.yaleman.BleatTests;
				SDKROOT = iphoneos;
				TARGETED_DEVICE_FAMILY = "1,2";
				TEST_HOST = "$(BUILT_PRODUCTS_DIR)/Bleat.app/$(BUNDLE_EXECUTABLE_FOLDER_PATH)/Bleat";
			};
			name = Debug;
		};
/* End XCBuildConfiguration section */

/* Begin XCConfigurationList section */
		1856AE8E5AD719FF155AE47F /* Build configuration list for PBXNativeTarget "BleatApp" */ = {
			isa = XCConfigurationList;
			buildConfigurations = (
				8DEB0D26BE9F9E48CB63318E /* Debug */,
				9643CCB5B8960688DE25C898 /* Release */,
			);
			defaultConfigurationIsVisible = 0;
			defaultConfigurationName = Debug;
		};
		36E7C2A77B1B9C093FE5D743 /* Build configuration list for PBXNativeTarget "BleatUITests" */ = {
			isa = XCConfigurationList;
			buildConfigurations = (
				682780436B253DD768FE8332 /* Debug */,
				946DBAABCA2065323CCE1714 /* Release */,
			);
			defaultConfigurationIsVisible = 0;
			defaultConfigurationName = Debug;
		};
		68A7A1E73ADE0CF9C4A30B6A /* Build configuration list for PBXNativeTarget "BleatAppTests" */ = {
			isa = XCConfigurationList;
			buildConfigurations = (
				E9A669660DCA8EEFE605D8F5 /* Debug */,
				B467B02D929F0D9011254921 /* Release */,
			);
			defaultConfigurationIsVisible = 0;
			defaultConfigurationName = Debug;
		};
		A785AF81BC045CF75224BA32 /* Build configuration list for PBXProject "Bleat" */ = {
			isa = XCConfigurationList;
			buildConfigurations = (
				538688E521C8560DF1996B05 /* Debug */,
				2EEC4B375443A715CE01E550 /* Release */,
			);
			defaultConfigurationIsVisible = 0;
			defaultConfigurationName = Debug;
		};
/* End XCConfigurationList section */

/* Begin XCLocalSwiftPackageReference section */
		A21196710DB1921B6B6E700E /* XCLocalSwiftPackageReference "." */ = {
			isa = XCLocalSwiftPackageReference;
			relativePath = .;
		};
/* End XCLocalSwiftPackageReference section */

/* Begin XCSwiftPackageProductDependency section */
		05BA90A0AA1604ECD1B8BCC9 /* BleatCore */ = {
			isa = XCSwiftPackageProductDependency;
			productName = BleatCore;
		};
/* End XCSwiftPackageProductDependency section */
	};
	rootObject = EBDCC250F3105FD38E8F8BC8 /* Project object */;
}
